// !$*UTF8*$!
{
	archiveVersion = 1;
	classes = {
	};
	objectVersion = 77;
	objects = {

/* Begin PBXContainerItemProxy section */
		961DA01A2D99BEA200AB1E9C /* PBXContainerItemProxy */ = {
			isa = PBXContainerItemProxy;
			containerPortal = 961DA0012D99BE9D00AB1E9C /* Project object */;
			proxyType = 1;
			remoteGlobalIDString = 961DA0082D99BE9D00AB1E9C;
			remoteInfo = CanvasClone;
		};
		961DA0242D99BEA200AB1E9C /* PBXContainerItemProxy */ = {
			isa = PBXContainerItemProxy;
			containerPortal = 961DA0012D99BE9D00AB1E9C /* Project object */;
			proxyType = 1;
			remoteGlobalIDString = 961DA0082D99BE9D00AB1E9C;
			remoteInfo = CanvasClone;
		};
/* End PBXContainerItemProxy section */

/* Begin PBXFileReference section */
		961DA0092D99BE9D00AB1E9C /* CanvasClone.app */ = {isa = PBXFileReference; explicitFileType = wrapper.application; includeInIndex = 0; path = CanvasClone.app; sourceTree = BUILT_PRODUCTS_DIR; };
		961DA0192D99BEA200AB1E9C /* CanvasCloneTests.xctest */ = {isa = PBXFileReference; explicitFileType = wrapper.cfbundle; includeInIndex = 0; path = CanvasCloneTests.xctest; sourceTree = BUILT_PRODUCTS_DIR; };
		961DA0232D99BEA200AB1E9C /* CanvasCloneUITests.xctest */ = {isa = PBXFileReference; explicitFileType = wrapper.cfbundle; includeInIndex = 0; path = CanvasCloneUITests.xctest; sourceTree = BUILT_PRODUCTS_DIR; };
/* End PBXFileReference section */

/* Begin PBXFileSystemSynchronizedRootGroup section */
		961DA00B2D99BE9D00AB1E9C /* CanvasClone */ = {
			isa = PBXFileSystemSynchronizedRootGroup;
			path = CanvasClone;
			sourceTree = "<group>";
		};
		961DA01C2D99BEA200AB1E9C /* CanvasCloneTests */ = {
			isa = PBXFileSystemSynchronizedRootGroup;
			path = CanvasCloneTests;
			sourceTree = "<group>";
		};
		961DA0262D99BEA200AB1E9C /* CanvasCloneUITests */ = {
			isa = PBXFileSystemSynchronizedRootGroup;
			path = CanvasCloneUITests;
			sourceTree = "<group>";
		};
/* End PBXFileSystemSynchronizedRootGroup section */

/* Begin PBXFrameworksBuildPhase section */
		961DA0062D99BE9D00AB1E9C /* Frameworks */ = {
			isa = PBXFrameworksBuildPhase;
			buildActionMask = 2147483647;
			files = (
			);
			runOnlyForDeploymentPostprocessing = 0;
		};
		961DA0162D99BEA200AB1E9C /* Frameworks */ = {
			isa = PBXFrameworksBuildPhase;
			buildActionMask = 2147483647;
			files = (
			);
			runOnlyForDeploymentPostprocessing = 0;
		};
		961DA0202D99BEA200AB1E9C /* Frameworks */ = {
			isa = PBXFrameworksBuildPhase;
			buildActionMask = 2147483647;
			files = (
			);
			runOnlyForDeploymentPostprocessing = 0;
		};
/* End PBXFrameworksBuildPhase section */

/* Begin PBXGroup section */
		961DA0002D99BE9D00AB1E9C = {
			isa = PBXGroup;
			children = (
				961DA00B2D99BE9D00AB1E9C /* CanvasClone */,
				961DA01C2D99BEA200AB1E9C /* CanvasCloneTests */,
				961DA0262D99BEA200AB1E9C /* CanvasCloneUITests */,
				961DA00A2D99BE9D00AB1E9C /* Products */,
			);
			sourceTree = "<group>";
		};
		961DA00A2D99BE9D00AB1E9C /* Products */ = {
			isa = PBXGroup;
			children = (
				961DA0092D99BE9D00AB1E9C /* CanvasClone.app */,
				961DA0192D99BEA200AB1E9C /* CanvasCloneTests.xctest */,
				961DA0232D99BEA200AB1E9C /* CanvasCloneUITests.xctest */,
			);
			name = Products;
			sourceTree = "<group>";
		};
/* End PBXGroup section */

/* Begin PBXNativeTarget section */
		961DA0082D99BE9D00AB1E9C /* CanvasClone */ = {
			isa = PBXNativeTarget;
			buildConfigurationList = 961DA02D2D99BEA300AB1E9C /* Build configuration list for PBXNativeTarget "CanvasClone" */;
			buildPhases = (
				961DA0052D99BE9D00AB1E9C /* Sources */,
				961DA0062D99BE9D00AB1E9C /* Frameworks */,
				961DA0072D99BE9D00AB1E9C /* Resources */,
			);
			buildRules = (
			);
			dependencies = (
			);
			fileSystemSynchronizedGroups = (
				961DA00B2D99BE9D00AB1E9C /* CanvasClone */,
			);
			name = CanvasClone;
			packageProductDependencies = (
			);
			productName = CanvasClone;
			productReference = 961DA0092D99BE9D00AB1E9C /* CanvasClone.app */;
			productType = "com.apple.product-type.application";
		};
		961DA0182D99BEA200AB1E9C /* CanvasCloneTests */ = {
			isa = PBXNativeTarget;
			buildConfigurationList = 961DA0302D99BEA300AB1E9C /* Build configuration list for PBXNativeTarget "CanvasCloneTests" */;
			buildPhases = (
				961DA0152D99BEA200AB1E9C /* Sources */,
				961DA0162D99BEA200AB1E9C /* Frameworks */,
				961DA0172D99BEA200AB1E9C /* Resources */,
			);
			buildRules = (
			);
			dependencies = (
				961DA01B2D99BEA200AB1E9C /* PBXTargetDependency */,
			);
			fileSystemSynchronizedGroups = (
				961DA01C2D99BEA200AB1E9C /* CanvasCloneTests */,
			);
			name = CanvasCloneTests;
			packageProductDependencies = (
			);
			productName = CanvasCloneTests;
			productReference = 961DA0192D99BEA200AB1E9C /* CanvasCloneTests.xctest */;
			productType = "com.apple.product-type.bundle.unit-test";
		};
		961DA0222D99BEA200AB1E9C /* CanvasCloneUITests */ = {
			isa = PBXNativeTarget;
			buildConfigurationList = 961DA0332D99BEA300AB1E9C /* Build configuration list for PBXNativeTarget "CanvasCloneUITests" */;
			buildPhases = (
				961DA01F2D99BEA200AB1E9C /* Sources */,
				961DA0202D99BEA200AB1E9C /* Frameworks */,
				961DA0212D99BEA200AB1E9C /* Resources */,
			);
			buildRules = (
			);
			dependencies = (
				961DA0252D99BEA200AB1E9C /* PBXTargetDependency */,
			);
			fileSystemSynchronizedGroups = (
				961DA0262D99BEA200AB1E9C /* CanvasCloneUITests */,
			);
			name = CanvasCloneUITests;
			packageProductDependencies = (
			);
			productName = CanvasCloneUITests;
			productReference = 961DA0232D99BEA200AB1E9C /* CanvasCloneUITests.xctest */;
			productType = "com.apple.product-type.bundle.ui-testing";
		};
/* End PBXNativeTarget section */

/* Begin PBXProject section */
		961DA0012D99BE9D00AB1E9C /* Project object */ = {
			isa = PBXProject;
			attributes = {
				BuildIndependentTargetsInParallel = 1;
				LastSwiftUpdateCheck = 1620;
				LastUpgradeCheck = 1620;
				TargetAttributes = {
					961DA0082D99BE9D00AB1E9C = {
						CreatedOnToolsVersion = 16.2;
					};
					961DA0182D99BEA200AB1E9C = {
						CreatedOnToolsVersion = 16.2;
						TestTargetID = 961DA0082D99BE9D00AB1E9C;
					};
					961DA0222D99BEA200AB1E9C = {
						CreatedOnToolsVersion = 16.2;
						TestTargetID = 961DA0082D99BE9D00AB1E9C;
					};
				};
			};
			buildConfigurationList = 961DA0042D99BE9D00AB1E9C /* Build configuration list for PBXProject "CanvasClone" */;
			developmentRegion = en;
			hasScannedForEncodings = 0;
			knownRegions = (
				en,
				Base,
			);
			mainGroup = 961DA0002D99BE9D00AB1E9C;
			minimizedProjectReferenceProxies = 1;
			preferredProjectObjectVersion = 77;
			productRefGroup = 961DA00A2D99BE9D00AB1E9C /* Products */;
			projectDirPath = "";
			projectRoot = "";
			targets = (
				961DA0082D99BE9D00AB1E9C /* CanvasClone */,
				961DA0182D99BEA200AB1E9C /* CanvasCloneTests */,
				961DA0222D99BEA200AB1E9C /* CanvasCloneUITests */,
			);
		};
/* End PBXProject section */

/* Begin PBXResourcesBuildPhase section */
		961DA0072D99BE9D00AB1E9C /* Resources */ = {
			isa = PBXResourcesBuildPhase;
			buildActionMask = 2147483647;
			files = (
			);
			runOnlyForDeploymentPostprocessing = 0;
		};
		961DA0172D99BEA200AB1E9C /* Resources */ = {
			isa = PBXResourcesBuildPhase;
			buildActionMask = 2147483647;
			files = (
			);
			runOnlyForDeploymentPostprocessing = 0;
		};
		961DA0212D99BEA200AB1E9C /* Resources */ = {
			isa = PBXResourcesBuildPhase;
			buildActionMask = 2147483647;
			files = (
			);
			runOnlyForDeploymentPostprocessing = 0;
		};
/* End PBXResourcesBuildPhase section */

/* Begin PBXSourcesBuildPhase section */
		961DA0052D99BE9D00AB1E9C /* Sources */ = {
			isa = PBXSourcesBuildPhase;
			buildActionMask = 2147483647;
			files = (
			);
			runOnlyForDeploymentPostprocessing = 0;
		};
		961DA0152D99BEA200AB1E9C /* Sources */ = {
			isa = PBXSourcesBuildPhase;
			buildActionMask = 2147483647;
			files = (
			);
			runOnlyForDeploymentPostprocessing = 0;
		};
		961DA01F2D99BEA200AB1E9C /* Sources */ = {
			isa = PBXSourcesBuildPhase;
			buildActionMask = 2147483647;
			files = (
			);
			runOnlyForDeploymentPostprocessing = 0;
		};
/* End PBXSourcesBuildPhase section */

/* Begin PBXTargetDependency section */
		961DA01B2D99BEA200AB1E9C /* PBXTargetDependency */ = {
			isa = PBXTargetDependency;
			target = 961DA0082D99BE9D00AB1E9C /* CanvasClone */;
			targetProxy = 961DA01A2D99BEA200AB1E9C /* PBXContainerItemProxy */;
		};
		961DA0252D99BEA200AB1E9C /* PBXTargetDependency */ = {
			isa = PBXTargetDependency;
			target = 961DA0082D99BE9D00AB1E9C /* CanvasClone */;
			targetProxy = 961DA0242D99BEA200AB1E9C /* PBXContainerItemProxy */;
		};
/* End PBXTargetDependency section */

/* Begin XCBuildConfiguration section */
		961DA02B2D99BEA300AB1E9C /* Debug */ = {
			isa = XCBuildConfiguration;
			buildSettings = {
				ALWAYS_SEARCH_USER_PATHS = NO;
				ASSETCATALOG_COMPILER_GENERATE_SWIFT_ASSET_SYMBOL_EXTENSIONS = YES;
				CLANG_ANALYZER_NONNULL = YES;
				CLANG_ANALYZER_NUMBER_OBJECT_CONVERSION = YES_AGGRESSIVE;
				CLANG_CXX_LANGUAGE_STANDARD = "gnu++20";
				CLANG_ENABLE_MODULES = YES;
				CLANG_ENABLE_OBJC_ARC = YES;
				CLANG_ENABLE_OBJC_WEAK = YES;
				CLANG_WARN_BLOCK_CAPTURE_AUTORELEASING = YES;
				CLANG_WARN_BOOL_CONVERSION = YES;
				CLANG_WARN_COMMA = YES;
				CLANG_WARN_CONSTANT_CONVERSION = YES;
				CLANG_WARN_DEPRECATED_OBJC_IMPLEMENTATIONS = YES;
				CLANG_WARN_DIRECT_OBJC_ISA_USAGE = YES_ERROR;
				CLANG_WARN_DOCUMENTATION_COMMENTS = YES;
				CLANG_WARN_EMPTY_BODY = YES;
				CLANG_WARN_ENUM_CONVERSION = YES;
				CLANG_WARN_INFINITE_RECURSION = YES;
				CLANG_WARN_INT_CONVERSION = YES;
				CLANG_WARN_NON_LITERAL_NULL_CONVERSION = YES;
				CLANG_WARN_OBJC_IMPLICIT_RETAIN_SELF = YES;
				CLANG_WARN_OBJC_LITERAL_CONVERSION = YES;
				CLANG_WARN_OBJC_ROOT_CLASS = YES_ERROR;
				CLANG_WARN_QUOTED_INCLUDE_IN_FRAMEWORK_HEADER = YES;
				CLANG_WARN_RANGE_LOOP_ANALYSIS = YES;
				CLANG_WARN_STRICT_PROTOTYPES = YES;
				CLANG_WARN_SUSPICIOUS_MOVE = YES;
				CLANG_WARN_UNGUARDED_AVAILABILITY = YES_AGGRESSIVE;
				CLANG_WARN_UNREACHABLE_CODE = YES;
				CLANG_WARN__DUPLICATE_METHOD_MATCH = YES;
				COPY_PHASE_STRIP = NO;
				DEBUG_INFORMATION_FORMAT = dwarf;
				ENABLE_STRICT_OBJC_MSGSEND = YES;
				ENABLE_TESTABILITY = YES;
				ENABLE_USER_SCRIPT_SANDBOXING = YES;
				GCC_C_LANGUAGE_STANDARD = gnu17;
				GCC_DYNAMIC_NO_PIC = NO;
				GCC_NO_COMMON_BLOCKS = YES;
				GCC_OPTIMIZATION_LEVEL = 0;
				GCC_PREPROCESSOR_DEFINITIONS = (
					"DEBUG=1",
					"$(inherited)",
				);
				GCC_WARN_64_TO_32_BIT_CONVERSION = YES;
				GCC_WARN_ABOUT_RETURN_TYPE = YES_ERROR;
				GCC_WARN_UNDECLARED_SELECTOR = YES;
				GCC_WARN_UNINITIALIZED_AUTOS = YES_AGGRESSIVE;
				GCC_WARN_UNUSED_FUNCTION = YES;
				GCC_WARN_UNUSED_VARIABLE = YES;
				IPHONEOS_DEPLOYMENT_TARGET = 18.2;
				LOCALIZATION_PREFERS_STRING_CATALOGS = YES;
				MTL_ENABLE_DEBUG_INFO = INCLUDE_SOURCE;
				MTL_FAST_MATH = YES;
				ONLY_ACTIVE_ARCH = YES;
				SDKROOT = iphoneos;
				SWIFT_ACTIVE_COMPILATION_CONDITIONS = "DEBUG $(inherited)";
				SWIFT_OPTIMIZATION_LEVEL = "-Onone";
			};
			name = Debug;
		};
		961DA02C2D99BEA300AB1E9C /* Release */ = {
			isa = XCBuildConfiguration;
			buildSettings = {
				ALWAYS_SEARCH_USER_PATHS = NO;
				ASSETCATALOG_COMPILER_GENERATE_SWIFT_ASSET_SYMBOL_EXTENSIONS = YES;
				CLANG_ANALYZER_NONNULL = YES;
				CLANG_ANALYZER_NUMBER_OBJECT_CONVERSION = YES_AGGRESSIVE;
				CLANG_CXX_LANGUAGE_STANDARD = "gnu++20";
				CLANG_ENABLE_MODULES = YES;
				CLANG_ENABLE_OBJC_ARC = YES;
				CLANG_ENABLE_OBJC_WEAK = YES;
				CLANG_WARN_BLOCK_CAPTURE_AUTORELEASING = YES;
				CLANG_WARN_BOOL_CONVERSION = YES;
				CLANG_WARN_COMMA = YES;
				CLANG_WARN_CONSTANT_CONVERSION = YES;
				CLANG_WARN_DEPRECATED_OBJC_IMPLEMENTATIONS = YES;
				CLANG_WARN_DIRECT_OBJC_ISA_USAGE = YES_ERROR;
				CLANG_WARN_DOCUMENTATION_COMMENTS = YES;
				CLANG_WARN_EMPTY_BODY = YES;
				CLANG_WARN_ENUM_CONVERSION = YES;
				CLANG_WARN_INFINITE_RECURSION = YES;
				CLANG_WARN_INT_CONVERSION = YES;
				CLANG_WARN_NON_LITERAL_NULL_CONVERSION = YES;
				CLANG_WARN_OBJC_IMPLICIT_RETAIN_SELF = YES;
				CLANG_WARN_OBJC_LITERAL_CONVERSION = YES;
				CLANG_WARN_OBJC_ROOT_CLASS = YES_ERROR;
				CLANG_WARN_QUOTED_INCLUDE_IN_FRAMEWORK_HEADER = YES;
				CLANG_WARN_RANGE_LOOP_ANALYSIS = YES;
				CLANG_WARN_STRICT_PROTOTYPES = YES;
				CLANG_WARN_SUSPICIOUS_MOVE = YES;
				CLANG_WARN_UNGUARDED_AVAILABILITY = YES_AGGRESSIVE;
				CLANG_WARN_UNREACHABLE_CODE = YES;
				CLANG_WARN__DUPLICATE_METHOD_MATCH = YES;
				COPY_PHASE_STRIP = NO;
				DEBUG_INFORMATION_FORMAT = "dwarf-with-dsym";
				ENABLE_NS_ASSERTIONS = NO;
				ENABLE_STRICT_OBJC_MSGSEND = YES;
				ENABLE_USER_SCRIPT_SANDBOXING = YES;
				GCC_C_LANGUAGE_STANDARD = gnu17;
				GCC_NO_COMMON_BLOCKS = YES;
				GCC_WARN_64_TO_32_BIT_CONVERSION = YES;
				GCC_WARN_ABOUT_RETURN_TYPE = YES_ERROR;
				GCC_WARN_UNDECLARED_SELECTOR = YES;
				GCC_WARN_UNINITIALIZED_AUTOS = YES_AGGRESSIVE;
				GCC_WARN_UNUSED_FUNCTION = YES;
				GCC_WARN_UNUSED_VARIABLE = YES;
				IPHONEOS_DEPLOYMENT_TARGET = 18.2;
				LOCALIZATION_PREFERS_STRING_CATALOGS = YES;
				MTL_ENABLE_DEBUG_INFO = NO;
				MTL_FAST_MATH = YES;
				SDKROOT = iphoneos;
				SWIFT_COMPILATION_MODE = wholemodule;
				VALIDATE_PRODUCT = YES;
			};
			name = Release;
		};
		961DA02E2D99BEA300AB1E9C /* Debug */ = {
			isa = XCBuildConfiguration;
			buildSettings = {
				ASSETCATALOG_COMPILER_APPICON_NAME = AppIcon;
				ASSETCATALOG_COMPILER_GLOBAL_ACCENT_COLOR_NAME = AccentColor;
				CODE_SIGN_STYLE = Automatic;
				CURRENT_PROJECT_VERSION = 1;
				DEVELOPMENT_ASSET_PATHS = "\"CanvasClone/Preview Content\"";
				ENABLE_PREVIEWS = YES;
				GENERATE_INFOPLIST_FILE = YES;
				INFOPLIST_KEY_UIApplicationSceneManifest_Generation = YES;
				INFOPLIST_KEY_UIApplicationSupportsIndirectInputEvents = YES;
				INFOPLIST_KEY_UILaunchScreen_Generation = YES;
				INFOPLIST_KEY_UISupportedInterfaceOrientations_iPad = "UIInterfaceOrientationPortrait UIInterfaceOrientationPortraitUpsideDown UIInterfaceOrientationLandscapeLeft UIInterfaceOrientationLandscapeRight";
				INFOPLIST_KEY_UISupportedInterfaceOrientations_iPhone = "UIInterfaceOrientationPortrait UIInterfaceOrientationLandscapeLeft UIInterfaceOrientationLandscapeRight";
				LD_RUNPATH_SEARCH_PATHS = (
					"$(inherited)",
					"@executable_path/Frameworks",
				);
				MARKETING_VERSION = 1.0;
				PRODUCT_BUNDLE_IDENTIFIER = com.pedrocosta.CanvasClone;
				PRODUCT_NAME = "$(TARGET_NAME)";
				SWIFT_EMIT_LOC_STRINGS = YES;
				SWIFT_VERSION = 5.0;
				TARGETED_DEVICE_FAMILY = "1,2";
			};
			name = Debug;
		};
		961DA02F2D99BEA300AB1E9C /* Release */ = {
			isa = XCBuildConfiguration;
			buildSettings = {
				ASSETCATALOG_COMPILER_APPICON_NAME = AppIcon;
				ASSETCATALOG_COMPILER_GLOBAL_ACCENT_COLOR_NAME = AccentColor;
				CODE_SIGN_STYLE = Automatic;
				CURRENT_PROJECT_VERSION = 1;
				DEVELOPMENT_ASSET_PATHS = "\"CanvasClone/Preview Content\"";
				ENABLE_PREVIEWS = YES;
				GENERATE_INFOPLIST_FILE = YES;
				INFOPLIST_KEY_UIApplicationSceneManifest_Generation = YES;
				INFOPLIST_KEY_UIApplicationSupportsIndirectInputEvents = YES;
				INFOPLIST_KEY_UILaunchScreen_Generation = YES;
				INFOPLIST_KEY_UISupportedInterfaceOrientations_iPad = "UIInterfaceOrientationPortrait UIInterfaceOrientationPortraitUpsideDown UIInterfaceOrientationLandscapeLeft UIInterfaceOrientationLandscapeRight";
				INFOPLIST_KEY_UISupportedInterfaceOrientations_iPhone = "UIInterfaceOrientationPortrait UIInterfaceOrientationLandscapeLeft UIInterfaceOrientationLandscapeRight";
				LD_RUNPATH_SEARCH_PATHS = (
					"$(inherited)",
					"@executable_path/Frameworks",
				);
				MARKETING_VERSION = 1.0;
				PRODUCT_BUNDLE_IDENTIFIER = com.pedrocosta.CanvasClone;
				PRODUCT_NAME = "$(TARGET_NAME)";
				SWIFT_EMIT_LOC_STRINGS = YES;
				SWIFT_VERSION = 5.0;
				TARGETED_DEVICE_FAMILY = "1,2";
			};
			name = Release;
		};
		961DA0312D99BEA300AB1E9C /* Debug */ = {
			isa = XCBuildConfiguration;
			buildSettings = {
				BUNDLE_LOADER = "$(TEST_HOST)";
				CODE_SIGN_STYLE = Automatic;
				CURRENT_PROJECT_VERSION = 1;
				GENERATE_INFOPLIST_FILE = YES;
				IPHONEOS_DEPLOYMENT_TARGET = 18.2;
				MARKETING_VERSION = 1.0;
				PRODUCT_BUNDLE_IDENTIFIER = com.pedrocosta.CanvasCloneTests;
				PRODUCT_NAME = "$(TARGET_NAME)";
				SWIFT_EMIT_LOC_STRINGS = NO;
				SWIFT_VERSION = 5.0;
				TARGETED_DEVICE_FAMILY = "1,2";
				TEST_HOST = "$(BUILT_PRODUCTS_DIR)/CanvasClone.app/$(BUNDLE_EXECUTABLE_FOLDER_PATH)/CanvasClone";
			};
			name = Debug;
		};
		961DA0322D99BEA300AB1E9C /* Release */ = {
			isa = XCBuildConfiguration;
			buildSettings = {
				BUNDLE_LOADER = "$(TEST_HOST)";
				CODE_SIGN_STYLE = Automatic;
				CURRENT_PROJECT_VERSION = 1;
				GENERATE_INFOPLIST_FILE = YES;
				IPHONEOS_DEPLOYMENT_TARGET = 18.2;
				MARKETING_VERSION = 1.0;
				PRODUCT_BUNDLE_IDENTIFIER = com.pedrocosta.CanvasCloneTests;
				PRODUCT_NAME = "$(TARGET_NAME)";
				SWIFT_EMIT_LOC_STRINGS = NO;
				SWIFT_VERSION = 5.0;
				TARGETED_DEVICE_FAMILY = "1,2";
				TEST_HOST = "$(BUILT_PRODUCTS_DIR)/CanvasClone.app/$(BUNDLE_EXECUTABLE_FOLDER_PATH)/CanvasClone";
			};
			name = Release;
		};
		961DA0342D99BEA300AB1E9C /* Debug */ = {
			isa = XCBuildConfiguration;
			buildSettings = {
				CODE_SIGN_STYLE = Automatic;
				CURRENT_PROJECT_VERSION = 1;
				GENERATE_INFOPLIST_FILE = YES;
				MARKETING_VERSION = 1.0;
				PRODUCT_BUNDLE_IDENTIFIER = com.pedrocosta.CanvasCloneUITests;
				PRODUCT_NAME = "$(TARGET_NAME)";
				SWIFT_EMIT_LOC_STRINGS = NO;
				SWIFT_VERSION = 5.0;
				TARGETED_DEVICE_FAMILY = "1,2";
				TEST_TARGET_NAME = CanvasClone;
			};
			name = Debug;
		};
		961DA0352D99BEA300AB1E9C /* Release */ = {
			isa = XCBuildConfiguration;
			buildSettings = {
				CODE_SIGN_STYLE = Automatic;
				CURRENT_PROJECT_VERSION = 1;
				GENERATE_INFOPLIST_FILE = YES;
				MARKETING_VERSION = 1.0;
				PRODUCT_BUNDLE_IDENTIFIER = com.pedrocosta.CanvasCloneUITests;
				PRODUCT_NAME = "$(TARGET_NAME)";
				SWIFT_EMIT_LOC_STRINGS = NO;
				SWIFT_VERSION = 5.0;
				TARGETED_DEVICE_FAMILY = "1,2";
				TEST_TARGET_NAME = CanvasClone;
			};
			name = Release;
		};
/* End XCBuildConfiguration section */

/* Begin XCConfigurationList section */
		961DA0042D99BE9D00AB1E9C /* Build configuration list for PBXProject "CanvasClone" */ = {
			isa = XCConfigurationList;
			buildConfigurations = (
				961DA02B2D99BEA300AB1E9C /* Debug */,
				961DA02C2D99BEA300AB1E9C /* Release */,
			);
			defaultConfigurationIsVisible = 0;
			defaultConfigurationName = Release;
		};
		961DA02D2D99BEA300AB1E9C /* Build configuration list for PBXNativeTarget "CanvasClone" */ = {
			isa = XCConfigurationList;
			buildConfigurations = (
				961DA02E2D99BEA300AB1E9C /* Debug */,
				961DA02F2D99BEA300AB1E9C /* Release */,
			);
			defaultConfigurationIsVisible = 0;
			defaultConfigurationName = Release;
		};
		961DA0302D99BEA300AB1E9C /* Build configuration list for PBXNativeTarget "CanvasCloneTests" */ = {
			isa = XCConfigurationList;
			buildConfigurations = (
				961DA0312D99BEA300AB1E9C /* Debug */,
				961DA0322D99BEA300AB1E9C /* Release */,
			);
			defaultConfigurationIsVisible = 0;
			defaultConfigurationName = Release;
		};
		961DA0332D99BEA300AB1E9C /* Build configuration list for PBXNativeTarget "CanvasCloneUITests" */ = {
			isa = XCConfigurationList;
			buildConfigurations = (
				961DA0342D99BEA300AB1E9C /* Debug */,
				961DA0352D99BEA300AB1E9C /* Release */,
			);
			defaultConfigurationIsVisible = 0;
			defaultConfigurationName = Release;
		};
/* End XCConfigurationList section */
	};
	rootObject = 961DA0012D99BE9D00AB1E9C /* Project object */;
}
